
Microsoft Visual Studio Solution File, Format Version 11.00
# Visual Studio 2010
Project("{FAE04EC0-301F-11D3-BF4B-00C04F79EFBC}") = "Auth Checker", "AuthChecker\Auth Checker.csproj", "{414EDA72-C142-4FEE-8A3D-EECA0C14DD6B}"
EndProject
Project("{FAE04EC0-301F-11D3-BF4B-00C04F79EFBC}") = "ProfessionBuddy", "Professionbuddy\ProfessionBuddy.csproj", "{F2B81CCA-6ABB-4AFF-A4A0-B13963668802}"
EndProject
Project("{FAE04EC0-301F-11D3-BF4B-00C04F79EFBC}") = "AutoAngler", "AutoAngler\AutoAngler.csproj", "{A1759A9F-89B9-406E-9B5A-7EC14ABC8338}"
EndProject
Global
	GlobalSection(SolutionConfigurationPlatforms) = preSolution
		Debug|Any CPU = Debug|Any CPU
		Debug|x86 = Debug|x86
		Dll|Any CPU = Dll|Any CPU
		Dll|x86 = Dll|x86
		Release|Any CPU = Release|Any CPU
		Release|x86 = Release|x86
	EndGlobalSection
	GlobalSection(ProjectConfigurationPlatforms) = postSolution
		{414EDA72-C142-4FEE-8A3D-EECA0C14DD6B}.Debug|Any CPU.ActiveCfg = Debug|x86
		{414EDA72-C142-4FEE-8A3D-EECA0C14DD6B}.Debug|x86.ActiveCfg = Debug|x86
		{414EDA72-C142-4FEE-8A3D-EECA0C14DD6B}.Debug|x86.Build.0 = Debug|x86
		{414EDA72-C142-4FEE-8A3D-EECA0C14DD6B}.Dll|Any CPU.ActiveCfg = Debug|x86
		{414EDA72-C142-4FEE-8A3D-EECA0C14DD6B}.Dll|x86.ActiveCfg = Debug|x86
		{414EDA72-C142-4FEE-8A3D-EECA0C14DD6B}.Dll|x86.Build.0 = Debug|x86
		{414EDA72-C142-4FEE-8A3D-EECA0C14DD6B}.Release|Any CPU.ActiveCfg = Release|x86
		{414EDA72-C142-4FEE-8A3D-EECA0C14DD6B}.Release|x86.ActiveCfg = Release|x86
		{414EDA72-C142-4FEE-8A3D-EECA0C14DD6B}.Release|x86.Build.0 = Release|x86
		{F2B81CCA-6ABB-4AFF-A4A0-B13963668802}.Debug|Any CPU.ActiveCfg = Debug|x86
		{F2B81CCA-6ABB-4AFF-A4A0-B13963668802}.Debug|x86.ActiveCfg = Debug|x86
		{F2B81CCA-6ABB-4AFF-A4A0-B13963668802}.Debug|x86.Build.0 = Debug|x86
		{F2B81CCA-6ABB-4AFF-A4A0-B13963668802}.Dll|Any CPU.ActiveCfg = Dll|x86
		{F2B81CCA-6ABB-4AFF-A4A0-B13963668802}.Dll|x86.ActiveCfg = Dll|x86
		{F2B81CCA-6ABB-4AFF-A4A0-B13963668802}.Dll|x86.Build.0 = Dll|x86
		{F2B81CCA-6ABB-4AFF-A4A0-B13963668802}.Release|Any CPU.ActiveCfg = Release|x86
		{F2B81CCA-6ABB-4AFF-A4A0-B13963668802}.Release|x86.ActiveCfg = Release|x86
		{F2B81CCA-6ABB-4AFF-A4A0-B13963668802}.Release|x86.Build.0 = Release|x86
		{A1759A9F-89B9-406E-9B5A-7EC14ABC8338}.Debug|Any CPU.ActiveCfg = Debug|Any CPU
		{A1759A9F-89B9-406E-9B5A-7EC14ABC8338}.Debug|Any CPU.Build.0 = Debug|Any CPU
		{A1759A9F-89B9-406E-9B5A-7EC14ABC8338}.Debug|x86.ActiveCfg = Debug|Any CPU
		{A1759A9F-89B9-406E-9B5A-7EC14ABC8338}.Dll|Any CPU.ActiveCfg = Debug|Any CPU
		{A1759A9F-89B9-406E-9B5A-7EC14ABC8338}.Dll|Any CPU.Build.0 = Debug|Any CPU
		{A1759A9F-89B9-406E-9B5A-7EC14ABC8338}.Dll|x86.ActiveCfg = Debug|Any CPU
		{A1759A9F-89B9-406E-9B5A-7EC14ABC8338}.Release|Any CPU.ActiveCfg = Release|Any CPU
		{A1759A9F-89B9-406E-9B5A-7EC14ABC8338}.Release|Any CPU.Build.0 = Release|Any CPU
		{A1759A9F-89B9-406E-9B5A-7EC14ABC8338}.Release|x86.ActiveCfg = Release|Any CPU
	EndGlobalSection
	GlobalSection(SolutionProperties) = preSolution
		HideSolutionNode = FALSE
	EndGlobalSection
EndGlobal
